
Microsoft Visual Studio Solution File, Format Version 12.00
# Visual Studio Version 16
VisualStudioVersion = 16.0.33328.57
MinimumVisualStudioVersion = 10.0.40219.1
Project("{FAE04EC0-301F-11D3-BF4B-00C04F79EFBC}") = "PaperD_Service", "PaperD_Service\PaperD_Service.csproj", "{850DE08E-3363-41EE-9407-16C950E0902D}"
EndProject
Global
	GlobalSection(SolutionConfigurationPlatforms) = preSolution
		Debug|Any CPU = Debug|Any CPU
		Release|Any CPU = Release|Any CPU
	EndGlobalSection
	GlobalSection(ProjectConfigurationPlatforms) = postSolution
		{850DE08E-3363-41EE-9407-16C950E0902D}.Debug|Any CPU.ActiveCfg = Debug|Any CPU
		{850DE08E-3363-41EE-9407-16C950E0902D}.Debug|Any CPU.Build.0 = Debug|Any CPU
		{850DE08E-3363-41EE-9407-16C950E0902D}.Release|Any CPU.ActiveCfg = Release|Any CPU
		{850DE08E-3363-41EE-9407-16C950E0902D}.Release|Any CPU.Build.0 = Release|Any CPU
	EndGlobalSection
	GlobalSection(SolutionProperties) = preSolution
		HideSolutionNode = FALSE
	EndGlobalSection
	GlobalSection(ExtensibilityGlobals) = postSolution
		SolutionGuid = {CDDCFA3F-482A-4802-8DB9-FBD081D7AD87}
	EndGlobalSection
EndGlobal
